// !$*UTF8*$!
{
	archiveVersion = 1;
	classes = {
	};
	objectVersion = 46;
	objects = {

/* Begin PBXBuildFile section */
		DA78B13518382361001D85F2 /* TDLToDoList.m in Sources */ = {isa = PBXBuildFile; fileRef = DA78B13418382361001D85F2 /* TDLToDoList.m */; };
		DA86B09D18370C9800D7FAAF /* Foundation.framework in Frameworks */ = {isa = PBXBuildFile; fileRef = DA86B09C18370C9800D7FAAF /* Foundation.framework */; };
		DA86B09F18370C9800D7FAAF /* CoreGraphics.framework in Frameworks */ = {isa = PBXBuildFile; fileRef = DA86B09E18370C9800D7FAAF /* CoreGraphics.framework */; };
		DA86B0A118370C9800D7FAAF /* UIKit.framework in Frameworks */ = {isa = PBXBuildFile; fileRef = DA86B0A018370C9800D7FAAF /* UIKit.framework */; };
		DA86B0A718370C9800D7FAAF /* InfoPlist.strings in Resources */ = {isa = PBXBuildFile; fileRef = DA86B0A518370C9800D7FAAF /* InfoPlist.strings */; };
		DA86B0A918370C9800D7FAAF /* main.m in Sources */ = {isa = PBXBuildFile; fileRef = DA86B0A818370C9800D7FAAF /* main.m */; };
		DA86B0AD18370C9800D7FAAF /* TDLAppDelegate.m in Sources */ = {isa = PBXBuildFile; fileRef = DA86B0AC18370C9800D7FAAF /* TDLAppDelegate.m */; };
		DA86B0AF18370C9800D7FAAF /* Images.xcassets in Resources */ = {isa = PBXBuildFile; fileRef = DA86B0AE18370C9800D7FAAF /* Images.xcassets */; };
		DA86B0B618370C9800D7FAAF /* XCTest.framework in Frameworks */ = {isa = PBXBuildFile; fileRef = DA86B0B518370C9800D7FAAF /* XCTest.framework */; };
		DA86B0B718370C9800D7FAAF /* Foundation.framework in Frameworks */ = {isa = PBXBuildFile; fileRef = DA86B09C18370C9800D7FAAF /* Foundation.framework */; };
		DA86B0B818370C9800D7FAAF /* UIKit.framework in Frameworks */ = {isa = PBXBuildFile; fileRef = DA86B0A018370C9800D7FAAF /* UIKit.framework */; };
		DA86B0C018370C9800D7FAAF /* InfoPlist.strings in Resources */ = {isa = PBXBuildFile; fileRef = DA86B0BE18370C9800D7FAAF /* InfoPlist.strings */; };
		DA86B0C218370C9800D7FAAF /* ToDoListTests.m in Sources */ = {isa = PBXBuildFile; fileRef = DA86B0C118370C9800D7FAAF /* ToDoListTests.m */; };
		DA86B0CC18370F2A00D7FAAF /* Main.storyboard in Resources */ = {isa = PBXBuildFile; fileRef = DA86B0CB18370F2A00D7FAAF /* Main.storyboard */; };
		DA86B0CF18371CF900D7FAAF /* TDLAddToDoItemViewController.m in Sources */ = {isa = PBXBuildFile; fileRef = DA86B0CE18371CF900D7FAAF /* TDLAddToDoItemViewController.m */; };
		DA86B0D218371DC800D7FAAF /* TDLToDoListViewController.m in Sources */ = {isa = PBXBuildFile; fileRef = DA86B0D118371DC800D7FAAF /* TDLToDoListViewController.m */; };
		DA86B0D5183729CE00D7FAAF /* TDLToDoItem.m in Sources */ = {isa = PBXBuildFile; fileRef = DA86B0D4183729CE00D7FAAF /* TDLToDoItem.m */; };
		DABEC1A21839F5FA000C464C /* TDL.png in Resources */ = {isa = PBXBuildFile; fileRef = DABEC1A11839F5FA000C464C /* TDL.png */; };
/* End PBXBuildFile section */

/* Begin PBXContainerItemProxy section */
		DA86B0B918370C9800D7FAAF /* PBXContainerItemProxy */ = {
			isa = PBXContainerItemProxy;
			containerPortal = DA86B09118370C9700D7FAAF /* Project object */;
			proxyType = 1;
			remoteGlobalIDString = DA86B09818370C9800D7FAAF;
			remoteInfo = ToDoList;
		};
/* End PBXContainerItemProxy section */

/* Begin PBXFileReference section */
		DA78B13318382361001D85F2 /* TDLToDoList.h */ = {isa = PBXFileReference; fileEncoding = 4; lastKnownFileType = sourcecode.c.h; name = TDLToDoList.h; path = Models/TDLToDoList.h; sourceTree = SOURCE_ROOT; };
		DA78B13418382361001D85F2 /* TDLToDoList.m */ = {isa = PBXFileReference; fileEncoding = 4; lastKnownFileType = sourcecode.c.objc; name = TDLToDoList.m; path = Models/TDLToDoList.m; sourceTree = SOURCE_ROOT; };
		DA86B09918370C9800D7FAAF /* ToDoList.app */ = {isa = PBXFileReference; explicitFileType = wrapper.application; includeInIndex = 0; path = ToDoList.app; sourceTree = BUILT_PRODUCTS_DIR; };
		DA86B09C18370C9800D7FAAF /* Foundation.framework */ = {isa = PBXFileReference; lastKnownFileType = wrapper.framework; name = Foundation.framework; path = System/Library/Frameworks/Foundation.framework; sourceTree = SDKROOT; };
		DA86B09E18370C9800D7FAAF /* CoreGraphics.framework */ = {isa = PBXFileReference; lastKnownFileType = wrapper.framework; name = CoreGraphics.framework; path = System/Library/Frameworks/CoreGraphics.framework; sourceTree = SDKROOT; };
		DA86B0A018370C9800D7FAAF /* UIKit.framework */ = {isa = PBXFileReference; lastKnownFileType = wrapper.framework; name = UIKit.framework; path = System/Library/Frameworks/UIKit.framework; sourceTree = SDKROOT; };
		DA86B0A418370C9800D7FAAF /* ToDoList-Info.plist */ = {isa = PBXFileReference; lastKnownFileType = text.plist.xml; path = "ToDoList-Info.plist"; sourceTree = "<group>"; };
		DA86B0A618370C9800D7FAAF /* en */ = {isa = PBXFileReference; lastKnownFileType = text.plist.strings; name = en; path = en.lproj/InfoPlist.strings; sourceTree = "<group>"; };
		DA86B0A818370C9800D7FAAF /* main.m */ = {isa = PBXFileReference; lastKnownFileType = sourcecode.c.objc; path = main.m; sourceTree = "<group>"; };
		DA86B0AA18370C9800D7FAAF /* ToDoList-Prefix.pch */ = {isa = PBXFileReference; lastKnownFileType = sourcecode.c.h; path = "ToDoList-Prefix.pch"; sourceTree = "<group>"; };
		DA86B0AB18370C9800D7FAAF /* TDLAppDelegate.h */ = {isa = PBXFileReference; lastKnownFileType = sourcecode.c.h; path = TDLAppDelegate.h; sourceTree = "<group>"; };
		DA86B0AC18370C9800D7FAAF /* TDLAppDelegate.m */ = {isa = PBXFileReference; lastKnownFileType = sourcecode.c.objc; path = TDLAppDelegate.m; sourceTree = "<group>"; };
		DA86B0AE18370C9800D7FAAF /* Images.xcassets */ = {isa = PBXFileReference; lastKnownFileType = folder.assetcatalog; path = Images.xcassets; sourceTree = "<group>"; };
		DA86B0B418370C9800D7FAAF /* ToDoListTests.xctest */ = {isa = PBXFileReference; explicitFileType = wrapper.cfbundle; includeInIndex = 0; path = ToDoListTests.xctest; sourceTree = BUILT_PRODUCTS_DIR; };
		DA86B0B518370C9800D7FAAF /* XCTest.framework */ = {isa = PBXFileReference; lastKnownFileType = wrapper.framework; name = XCTest.framework; path = Library/Frameworks/XCTest.framework; sourceTree = DEVELOPER_DIR; };
		DA86B0BD18370C9800D7FAAF /* ToDoListTests-Info.plist */ = {isa = PBXFileReference; lastKnownFileType = text.plist.xml; path = "ToDoListTests-Info.plist"; sourceTree = "<group>"; };
		DA86B0BF18370C9800D7FAAF /* en */ = {isa = PBXFileReference; lastKnownFileType = text.plist.strings; name = en; path = en.lproj/InfoPlist.strings; sourceTree = "<group>"; };
		DA86B0C118370C9800D7FAAF /* ToDoListTests.m */ = {isa = PBXFileReference; lastKnownFileType = sourcecode.c.objc; path = ToDoListTests.m; sourceTree = "<group>"; };
		DA86B0CB18370F2A00D7FAAF /* Main.storyboard */ = {isa = PBXFileReference; fileEncoding = 4; lastKnownFileType = file.storyboard; path = Main.storyboard; sourceTree = "<group>"; };
		DA86B0CD18371CF900D7FAAF /* TDLAddToDoItemViewController.h */ = {isa = PBXFileReference; fileEncoding = 4; lastKnownFileType = sourcecode.c.h; path = TDLAddToDoItemViewController.h; sourceTree = "<group>"; };
		DA86B0CE18371CF900D7FAAF /* TDLAddToDoItemViewController.m */ = {isa = PBXFileReference; fileEncoding = 4; lastKnownFileType = sourcecode.c.objc; path = TDLAddToDoItemViewController.m; sourceTree = "<group>"; };
		DA86B0D018371DC800D7FAAF /* TDLToDoListViewController.h */ = {isa = PBXFileReference; fileEncoding = 4; lastKnownFileType = sourcecode.c.h; path = TDLToDoListViewController.h; sourceTree = "<group>"; };
		DA86B0D118371DC800D7FAAF /* TDLToDoListViewController.m */ = {isa = PBXFileReference; fileEncoding = 4; lastKnownFileType = sourcecode.c.objc; path = TDLToDoListViewController.m; sourceTree = "<group>"; };
		DA86B0D3183729CE00D7FAAF /* TDLToDoItem.h */ = {isa = PBXFileReference; fileEncoding = 4; lastKnownFileType = sourcecode.c.h; name = TDLToDoItem.h; path = Models/TDLToDoItem.h; sourceTree = SOURCE_ROOT; };
		DA86B0D4183729CE00D7FAAF /* TDLToDoItem.m */ = {isa = PBXFileReference; fileEncoding = 4; lastKnownFileType = sourcecode.c.objc; name = TDLToDoItem.m; path = Models/TDLToDoItem.m; sourceTree = SOURCE_ROOT; };
		DABEC1A11839F5FA000C464C /* TDL.png */ = {isa = PBXFileReference; lastKnownFileType = image.png; path = TDL.png; sourceTree = "<group>"; };
/* End PBXFileReference section */

/* Begin PBXFrameworksBuildPhase section */
		DA86B09618370C9800D7FAAF /* Frameworks */ = {
			isa = PBXFrameworksBuildPhase;
			buildActionMask = 2147483647;
			files = (
				DA86B09F18370C9800D7FAAF /* CoreGraphics.framework in Frameworks */,
				DA86B0A118370C9800D7FAAF /* UIKit.framework in Frameworks */,
				DA86B09D18370C9800D7FAAF /* Foundation.framework in Frameworks */,
			);
			runOnlyForDeploymentPostprocessing = 0;
		};
		DA86B0B118370C9800D7FAAF /* Frameworks */ = {
			isa = PBXFrameworksBuildPhase;
			buildActionMask = 2147483647;
			files = (
				DA86B0B618370C9800D7FAAF /* XCTest.framework in Frameworks */,
				DA86B0B818370C9800D7FAAF /* UIKit.framework in Frameworks */,
				DA86B0B718370C9800D7FAAF /* Foundation.framework in Frameworks */,
			);
			runOnlyForDeploymentPostprocessing = 0;
		};
/* End PBXFrameworksBuildPhase section */

/* Begin PBXGroup section */
		DA78B13218381DD7001D85F2 /* Models */ = {
			isa = PBXGroup;
			children = (
				DA86B0D3183729CE00D7FAAF /* TDLToDoItem.h */,
				DA86B0D4183729CE00D7FAAF /* TDLToDoItem.m */,
				DA78B13318382361001D85F2 /* TDLToDoList.h */,
				DA78B13418382361001D85F2 /* TDLToDoList.m */,
			);
			name = Models;
			path = ToDoList;
			sourceTree = "<group>";
		};
		DA86B09018370C9700D7FAAF = {
			isa = PBXGroup;
			children = (
				DABEC1A11839F5FA000C464C /* TDL.png */,
				DA78B13218381DD7001D85F2 /* Models */,
				DA86B0A218370C9800D7FAAF /* ToDoList */,
				DA86B0BB18370C9800D7FAAF /* ToDoListTests */,
				DA86B09B18370C9800D7FAAF /* Frameworks */,
				DA86B09A18370C9800D7FAAF /* Products */,
			);
			sourceTree = "<group>";
		};
		DA86B09A18370C9800D7FAAF /* Products */ = {
			isa = PBXGroup;
			children = (
				DA86B09918370C9800D7FAAF /* ToDoList.app */,
				DA86B0B418370C9800D7FAAF /* ToDoListTests.xctest */,
			);
			name = Products;
			sourceTree = "<group>";
		};
		DA86B09B18370C9800D7FAAF /* Frameworks */ = {
			isa = PBXGroup;
			children = (
				DA86B09C18370C9800D7FAAF /* Foundation.framework */,
				DA86B09E18370C9800D7FAAF /* CoreGraphics.framework */,
				DA86B0A018370C9800D7FAAF /* UIKit.framework */,
				DA86B0B518370C9800D7FAAF /* XCTest.framework */,
			);
			name = Frameworks;
			sourceTree = "<group>";
		};
		DA86B0A218370C9800D7FAAF /* ToDoList */ = {
			isa = PBXGroup;
			children = (
				DA86B0D018371DC800D7FAAF /* TDLToDoListViewController.h */,
				DA86B0D118371DC800D7FAAF /* TDLToDoListViewController.m */,
				DA86B0CD18371CF900D7FAAF /* TDLAddToDoItemViewController.h */,
				DA86B0CE18371CF900D7FAAF /* TDLAddToDoItemViewController.m */,
				DA86B0AB18370C9800D7FAAF /* TDLAppDelegate.h */,
				DA86B0AC18370C9800D7FAAF /* TDLAppDelegate.m */,
				DA86B0CB18370F2A00D7FAAF /* Main.storyboard */,
				DA86B0AE18370C9800D7FAAF /* Images.xcassets */,
				DA86B0A318370C9800D7FAAF /* Supporting Files */,
			);
			path = ToDoList;
			sourceTree = "<group>";
		};
		DA86B0A318370C9800D7FAAF /* Supporting Files */ = {
			isa = PBXGroup;
			children = (
				DA86B0A418370C9800D7FAAF /* ToDoList-Info.plist */,
				DA86B0A518370C9800D7FAAF /* InfoPlist.strings */,
				DA86B0A818370C9800D7FAAF /* main.m */,
				DA86B0AA18370C9800D7FAAF /* ToDoList-Prefix.pch */,
			);
			name = "Supporting Files";
			sourceTree = "<group>";
		};
		DA86B0BB18370C9800D7FAAF /* ToDoListTests */ = {
			isa = PBXGroup;
			children = (
				DA86B0C118370C9800D7FAAF /* ToDoListTests.m */,
				DA86B0BC18370C9800D7FAAF /* Supporting Files */,
			);
			path = ToDoListTests;
			sourceTree = "<group>";
		};
		DA86B0BC18370C9800D7FAAF /* Supporting Files */ = {
			isa = PBXGroup;
			children = (
				DA86B0BD18370C9800D7FAAF /* ToDoListTests-Info.plist */,
				DA86B0BE18370C9800D7FAAF /* InfoPlist.strings */,
			);
			name = "Supporting Files";
			sourceTree = "<group>";
		};
/* End PBXGroup section */

/* Begin PBXNativeTarget section */
		DA86B09818370C9800D7FAAF /* ToDoList */ = {
			isa = PBXNativeTarget;
			buildConfigurationList = DA86B0C518370C9800D7FAAF /* Build configuration list for PBXNativeTarget "ToDoList" */;
			buildPhases = (
				DA86B09518370C9800D7FAAF /* Sources */,
				DA86B09618370C9800D7FAAF /* Frameworks */,
				DA86B09718370C9800D7FAAF /* Resources */,
			);
			buildRules = (
			);
			dependencies = (
			);
			name = ToDoList;
			productName = ToDoList;
			productReference = DA86B09918370C9800D7FAAF /* ToDoList.app */;
			productType = "com.apple.product-type.application";
		};
		DA86B0B318370C9800D7FAAF /* ToDoListTests */ = {
			isa = PBXNativeTarget;
			buildConfigurationList = DA86B0C818370C9800D7FAAF /* Build configuration list for PBXNativeTarget "ToDoListTests" */;
			buildPhases = (
				DA86B0B018370C9800D7FAAF /* Sources */,
				DA86B0B118370C9800D7FAAF /* Frameworks */,
				DA86B0B218370C9800D7FAAF /* Resources */,
			);
			buildRules = (
			);
			dependencies = (
				DA86B0BA18370C9800D7FAAF /* PBXTargetDependency */,
			);
			name = ToDoListTests;
			productName = ToDoListTests;
			productReference = DA86B0B418370C9800D7FAAF /* ToDoListTests.xctest */;
			productType = "com.apple.product-type.bundle.unit-test";
		};
/* End PBXNativeTarget section */

/* Begin PBXProject section */
		DA86B09118370C9700D7FAAF /* Project object */ = {
			isa = PBXProject;
			attributes = {
				CLASSPREFIX = TDL;
				LastUpgradeCheck = 0500;
				ORGANIZATIONNAME = "Toby Smith";
				TargetAttributes = {
					DA86B0B318370C9800D7FAAF = {
						TestTargetID = DA86B09818370C9800D7FAAF;
					};
				};
			};
			buildConfigurationList = DA86B09418370C9700D7FAAF /* Build configuration list for PBXProject "ToDoList" */;
			compatibilityVersion = "Xcode 3.2";
			developmentRegion = English;
			hasScannedForEncodings = 0;
			knownRegions = (
				en,
			);
			mainGroup = DA86B09018370C9700D7FAAF;
			productRefGroup = DA86B09A18370C9800D7FAAF /* Products */;
			projectDirPath = "";
			projectRoot = "";
			targets = (
				DA86B09818370C9800D7FAAF /* ToDoList */,
				DA86B0B318370C9800D7FAAF /* ToDoListTests */,
			);
		};
/* End PBXProject section */

/* Begin PBXResourcesBuildPhase section */
		DA86B09718370C9800D7FAAF /* Resources */ = {
			isa = PBXResourcesBuildPhase;
			buildActionMask = 2147483647;
			files = (
				DA86B0CC18370F2A00D7FAAF /* Main.storyboard in Resources */,
				DA86B0A718370C9800D7FAAF /* InfoPlist.strings in Resources */,
				DABEC1A21839F5FA000C464C /* TDL.png in Resources */,
				DA86B0AF18370C9800D7FAAF /* Images.xcassets in Resources */,
			);
			runOnlyForDeploymentPostprocessing = 0;
		};
		DA86B0B218370C9800D7FAAF /* Resources */ = {
			isa = PBXResourcesBuildPhase;
			buildActionMask = 2147483647;
			files = (
				DA86B0C018370C9800D7FAAF /* InfoPlist.strings in Resources */,
			);
			runOnlyForDeploymentPostprocessing = 0;
		};
/* End PBXResourcesBuildPhase section */

/* Begin PBXSourcesBuildPhase section */
		DA86B09518370C9800D7FAAF /* Sources */ = {
			isa = PBXSourcesBuildPhase;
			buildActionMask = 2147483647;
			files = (
				DA78B13518382361001D85F2 /* TDLToDoList.m in Sources */,
				DA86B0A918370C9800D7FAAF /* main.m in Sources */,
				DA86B0CF18371CF900D7FAAF /* TDLAddToDoItemViewController.m in Sources */,
				DA86B0AD18370C9800D7FAAF /* TDLAppDelegate.m in Sources */,
				DA86B0D5183729CE00D7FAAF /* TDLToDoItem.m in Sources */,
				DA86B0D218371DC800D7FAAF /* TDLToDoListViewController.m in Sources */,
			);
			runOnlyForDeploymentPostprocessing = 0;
		};
		DA86B0B018370C9800D7FAAF /* Sources */ = {
			isa = PBXSourcesBuildPhase;
			buildActionMask = 2147483647;
			files = (
				DA86B0C218370C9800D7FAAF /* ToDoListTests.m in Sources */,
			);
			runOnlyForDeploymentPostprocessing = 0;
		};
/* End PBXSourcesBuildPhase section */

/* Begin PBXTargetDependency section */
		DA86B0BA18370C9800D7FAAF /* PBXTargetDependency */ = {
			isa = PBXTargetDependency;
			target = DA86B09818370C9800D7FAAF /* ToDoList */;
			targetProxy = DA86B0B918370C9800D7FAAF /* PBXContainerItemProxy */;
		};
/* End PBXTargetDependency section */

/* Begin PBXVariantGroup section */
		DA86B0A518370C9800D7FAAF /* InfoPlist.strings */ = {
			isa = PBXVariantGroup;
			children = (
				DA86B0A618370C9800D7FAAF /* en */,
			);
			name = InfoPlist.strings;
			sourceTree = "<group>";
		};
		DA86B0BE18370C9800D7FAAF /* InfoPlist.strings */ = {
			isa = PBXVariantGroup;
			children = (
				DA86B0BF18370C9800D7FAAF /* en */,
			);
			name = InfoPlist.strings;
			sourceTree = "<group>";
		};
/* End PBXVariantGroup section */

/* Begin XCBuildConfiguration section */
		DA86B0C318370C9800D7FAAF /* Debug */ = {
			isa = XCBuildConfiguration;
			buildSettings = {
				ALWAYS_SEARCH_USER_PATHS = NO;
				ARCHS = "$(ARCHS_STANDARD_INCLUDING_64_BIT)";
				CLANG_CXX_LANGUAGE_STANDARD = "gnu++0x";
				CLANG_CXX_LIBRARY = "libc++";
				CLANG_ENABLE_MODULES = YES;
				CLANG_ENABLE_OBJC_ARC = YES;
				CLANG_WARN_BOOL_CONVERSION = YES;
				CLANG_WARN_CONSTANT_CONVERSION = YES;
				CLANG_WARN_DIRECT_OBJC_ISA_USAGE = YES_ERROR;
				CLANG_WARN_EMPTY_BODY = YES;
				CLANG_WARN_ENUM_CONVERSION = YES;
				CLANG_WARN_INT_CONVERSION = YES;
				CLANG_WARN_OBJC_ROOT_CLASS = YES_ERROR;
				CLANG_WARN__DUPLICATE_METHOD_MATCH = YES;
				"CODE_SIGN_IDENTITY[sdk=iphoneos*]" = "iPhone Developer";
				COPY_PHASE_STRIP = NO;
				GCC_C_LANGUAGE_STANDARD = gnu99;
				GCC_DYNAMIC_NO_PIC = NO;
				GCC_OPTIMIZATION_LEVEL = 0;
				GCC_PREPROCESSOR_DEFINITIONS = (
					"DEBUG=1",
					"$(inherited)",
				);
				GCC_SYMBOLS_PRIVATE_EXTERN = NO;
				GCC_WARN_64_TO_32_BIT_CONVERSION = YES;
				GCC_WARN_ABOUT_RETURN_TYPE = YES_ERROR;
				GCC_WARN_UNDECLARED_SELECTOR = YES;
				GCC_WARN_UNINITIALIZED_AUTOS = YES;
				GCC_WARN_UNUSED_FUNCTION = YES;
				GCC_WARN_UNUSED_VARIABLE = YES;
				IPHONEOS_DEPLOYMENT_TARGET = 7.0;
				ONLY_ACTIVE_ARCH = YES;
				SDKROOT = iphoneos;
			};
			name = Debug;
		};
		DA86B0C418370C9800D7FAAF /* Release */ = {
			isa = XCBuildConfiguration;
			buildSettings = {
				ALWAYS_SEARCH_USER_PATHS = NO;
				ARCHS = "$(ARCHS_STANDARD_INCLUDING_64_BIT)";
				CLANG_CXX_LANGUAGE_STANDARD = "gnu++0x";
				CLANG_CXX_LIBRARY = "libc++";
				CLANG_ENABLE_MODULES = YES;
				CLANG_ENABLE_OBJC_ARC = YES;
				CLANG_WARN_BOOL_CONVERSION = YES;
				CLANG_WARN_CONSTANT_CONVERSION = YES;
				CLANG_WARN_DIRECT_OBJC_ISA_USAGE = YES_ERROR;
				CLANG_WARN_EMPTY_BODY = YES;
				CLANG_WARN_ENUM_CONVERSION = YES;
				CLANG_WARN_INT_CONVERSION = YES;
				CLANG_WARN_OBJC_ROOT_CLASS = YES_ERROR;
				CLANG_WARN__DUPLICATE_METHOD_MATCH = YES;
				"CODE_SIGN_IDENTITY[sdk=iphoneos*]" = "iPhone Developer";
				COPY_PHASE_STRIP = YES;
				ENABLE_NS_ASSERTIONS = NO;
				GCC_C_LANGUAGE_STANDARD = gnu99;
				GCC_WARN_64_TO_32_BIT_CONVERSION = YES;
				GCC_WARN_ABOUT_RETURN_TYPE = YES_ERROR;
				GCC_WARN_UNDECLARED_SELECTOR = YES;
				GCC_WARN_UNINITIALIZED_AUTOS = YES;
				GCC_WARN_UNUSED_FUNCTION = YES;
				GCC_WARN_UNUSED_VARIABLE = YES;
				IPHONEOS_DEPLOYMENT_TARGET = 7.0;
				SDKROOT = iphoneos;
				VALIDATE_PRODUCT = YES;
			};
			name = Release;
		};
		DA86B0C618370C9800D7FAAF /* Debug */ = {
			isa = XCBuildConfiguration;
			buildSettings = {
				ASSETCATALOG_COMPILER_APPICON_NAME = AppIcon;
				ASSETCATALOG_COMPILER_LAUNCHIMAGE_NAME = LaunchImage;
				GCC_PRECOMPILE_PREFIX_HEADER = YES;
				GCC_PREFIX_HEADER = "ToDoList/ToDoList-Prefix.pch";
				INFOPLIST_FILE = "ToDoList/ToDoList-Info.plist";
				PRODUCT_NAME = "$(TARGET_NAME)";
				WRAPPER_EXTENSION = app;
			};
			name = Debug;
		};
		DA86B0C718370C9800D7FAAF /* Release */ = {
			isa = XCBuildConfiguration;
			buildSettings = {
				ASSETCATALOG_COMPILER_APPICON_NAME = AppIcon;
				ASSETCATALOG_COMPILER_LAUNCHIMAGE_NAME = LaunchImage;
				GCC_PRECOMPILE_PREFIX_HEADER = YES;
				GCC_PREFIX_HEADER = "ToDoList/ToDoList-Prefix.pch";
				INFOPLIST_FILE = "ToDoList/ToDoList-Info.plist";
				PRODUCT_NAME = "$(TARGET_NAME)";
				WRAPPER_EXTENSION = app;
			};
			name = Release;
		};
		DA86B0C918370C9800D7FAAF /* Debug */ = {
			isa = XCBuildConfiguration;
			buildSettings = {
				ARCHS = "$(ARCHS_STANDARD_INCLUDING_64_BIT)";
				BUNDLE_LOADER = "$(BUILT_PRODUCTS_DIR)/ToDoList.app/ToDoList";
				FRAMEWORK_SEARCH_PATHS = (
					"$(SDKROOT)/Developer/Library/Frameworks",
					"$(inherited)",
					"$(DEVELOPER_FRAMEWORKS_DIR)",
				);
				GCC_PRECOMPILE_PREFIX_HEADER = YES;
				GCC_PREFIX_HEADER = "ToDoList/ToDoList-Prefix.pch";
				GCC_PREPROCESSOR_DEFINITIONS = (
					"DEBUG=1",
					"$(inherited)",
				);
				INFOPLIST_FILE = "ToDoListTests/ToDoListTests-Info.plist";
				PRODUCT_NAME = "$(TARGET_NAME)";
				TEST_HOST = "$(BUNDLE_LOADER)";
				WRAPPER_EXTENSION = xctest;
			};
			name = Debug;
		};
		DA86B0CA18370C9800D7FAAF /* Release */ = {
			isa = XCBuildConfiguration;
			buildSettings = {
				ARCHS = "$(ARCHS_STANDARD_INCLUDING_64_BIT)";
				BUNDLE_LOADER = "$(BUILT_PRODUCTS_DIR)/ToDoList.app/ToDoList";
				FRAMEWORK_SEARCH_PATHS = (
					"$(SDKROOT)/Developer/Library/Frameworks",
					"$(inherited)",
					"$(DEVELOPER_FRAMEWORKS_DIR)",
				);
				GCC_PRECOMPILE_PREFIX_HEADER = YES;
				GCC_PREFIX_HEADER = "ToDoList/ToDoList-Prefix.pch";
				INFOPLIST_FILE = "ToDoListTests/ToDoListTests-Info.plist";
				PRODUCT_NAME = "$(TARGET_NAME)";
				TEST_HOST = "$(BUNDLE_LOADER)";
				WRAPPER_EXTENSION = xctest;
			};
			name = Release;
		};
/* End XCBuildConfiguration section */

/* Begin XCConfigurationList section */
		DA86B09418370C9700D7FAAF /* Build configuration list for PBXProject "ToDoList" */ = {
			isa = XCConfigurationList;
			buildConfigurations = (
				DA86B0C318370C9800D7FAAF /* Debug */,
				DA86B0C418370C9800D7FAAF /* Release */,
			);
			defaultConfigurationIsVisible = 0;
			defaultConfigurationName = Release;
		};
		DA86B0C518370C9800D7FAAF /* Build configuration list for PBXNativeTarget "ToDoList" */ = {
			isa = XCConfigurationList;
			buildConfigurations = (
				DA86B0C618370C9800D7FAAF /* Debug */,
				DA86B0C718370C9800D7FAAF /* Release */,
			);
			defaultConfigurationIsVisible = 0;
			defaultConfigurationName = Release;
		};
		DA86B0C818370C9800D7FAAF /* Build configuration list for PBXNativeTarget "ToDoListTests" */ = {
			isa = XCConfigurationList;
			buildConfigurations = (
				DA86B0C918370C9800D7FAAF /* Debug */,
				DA86B0CA18370C9800D7FAAF /* Release */,
			);
			defaultConfigurationIsVisible = 0;
			defaultConfigurationName = Release;
		};
/* End XCConfigurationList section */
	};
	rootObject = DA86B09118370C9700D7FAAF /* Project object */;
}
